
Microsoft Visual Studio Solution File, Format Version 12.00
# Visual Studio Version 17
VisualStudioVersion = 17.1.32407.343
MinimumVisualStudioVersion = 10.0.40219.1
Project("{9A19103F-16F7-4668-BE54-9A1E7A4F7556}") = "CiberManagement", "CiberManagement\CiberManagement.csproj", "{EF338618-4270-4447-9F2C-E0A0CC920455}"
EndProject
Project("{9A19103F-16F7-4668-BE54-9A1E7A4F7556}") = "CiberManagement.DAL", "CiberManagement.DAL\CiberManagement.DAL.csproj", "{A30B0F1A-0550-49A8-8B5F-0C338473D58C}"
EndProject
Project("{9A19103F-16F7-4668-BE54-9A1E7A4F7556}") = "CiberManagement.BLL", "CiberManagement.BLL\CiberManagement.BLL.csproj", "{F87052FA-EA7E-4E68-89D7-5F40CB5301BE}"
EndProject
Project("{FAE04EC0-301F-11D3-BF4B-00C04F79EFBC}") = "CiberManagement.UnitTest", "CiberManagement.UnitTest\CiberManagement.UnitTest.csproj", "{9798CC2C-2EBA-4DE8-829E-3D5B5D9852D6}"
EndProject
Global
	GlobalSection(SolutionConfigurationPlatforms) = preSolution
		Debug|Any CPU = Debug|Any CPU
		Release|Any CPU = Release|Any CPU
	EndGlobalSection
	GlobalSection(ProjectConfigurationPlatforms) = postSolution
		{EF338618-4270-4447-9F2C-E0A0CC920455}.Debug|Any CPU.ActiveCfg = Debug|Any CPU
		{EF338618-4270-4447-9F2C-E0A0CC920455}.Debug|Any CPU.Build.0 = Debug|Any CPU
		{EF338618-4270-4447-9F2C-E0A0CC920455}.Release|Any CPU.ActiveCfg = Release|Any CPU
		{EF338618-4270-4447-9F2C-E0A0CC920455}.Release|Any CPU.Build.0 = Release|Any CPU
		{A30B0F1A-0550-49A8-8B5F-0C338473D58C}.Debug|Any CPU.ActiveCfg = Debug|Any CPU
		{A30B0F1A-0550-49A8-8B5F-0C338473D58C}.Debug|Any CPU.Build.0 = Debug|Any CPU
		{A30B0F1A-0550-49A8-8B5F-0C338473D58C}.Release|Any CPU.ActiveCfg = Release|Any CPU
		{A30B0F1A-0550-49A8-8B5F-0C338473D58C}.Release|Any CPU.Build.0 = Release|Any CPU
		{F87052FA-EA7E-4E68-89D7-5F40CB5301BE}.Debug|Any CPU.ActiveCfg = Debug|Any CPU
		{F87052FA-EA7E-4E68-89D7-5F40CB5301BE}.Debug|Any CPU.Build.0 = Debug|Any CPU
		{F87052FA-EA7E-4E68-89D7-5F40CB5301BE}.Release|Any CPU.ActiveCfg = Release|Any CPU
		{F87052FA-EA7E-4E68-89D7-5F40CB5301BE}.Release|Any CPU.Build.0 = Release|Any CPU
		{9798CC2C-2EBA-4DE8-829E-3D5B5D9852D6}.Debug|Any CPU.ActiveCfg = Debug|Any CPU
		{9798CC2C-2EBA-4DE8-829E-3D5B5D9852D6}.Debug|Any CPU.Build.0 = Debug|Any CPU
		{9798CC2C-2EBA-4DE8-829E-3D5B5D9852D6}.Release|Any CPU.ActiveCfg = Release|Any CPU
		{9798CC2C-2EBA-4DE8-829E-3D5B5D9852D6}.Release|Any CPU.Build.0 = Release|Any CPU
	EndGlobalSection
	GlobalSection(SolutionProperties) = preSolution
		HideSolutionNode = FALSE
	EndGlobalSection
	GlobalSection(ExtensibilityGlobals) = postSolution
		SolutionGuid = {3FDF6418-5C14-4A37-8D2E-91185B60BC0A}
	EndGlobalSection
EndGlobal
